
Microsoft Visual Studio Solution File, Format Version 12.00
# Visual Studio Version 16
VisualStudioVersion = 16.0.29709.97
MinimumVisualStudioVersion = 10.0.40219.1
Project("{FAE04EC0-301F-11D3-BF4B-00C04F79EFBC}") = "ex_01", "ex_01\ex_01.csproj", "{BE774751-3749-46A5-992F-1BA31F3560F4}"
EndProject
Global
	GlobalSection(SolutionConfigurationPlatforms) = preSolution
		Debug|Any CPU = Debug|Any CPU
		Release|Any CPU = Release|Any CPU
	EndGlobalSection
	GlobalSection(ProjectConfigurationPlatforms) = postSolution
		{BE774751-3749-46A5-992F-1BA31F3560F4}.Debug|Any CPU.ActiveCfg = Debug|Any CPU
		{BE774751-3749-46A5-992F-1BA31F3560F4}.Debug|Any CPU.Build.0 = Debug|Any CPU
		{BE774751-3749-46A5-992F-1BA31F3560F4}.Release|Any CPU.ActiveCfg = Release|Any CPU
		{BE774751-3749-46A5-992F-1BA31F3560F4}.Release|Any CPU.Build.0 = Release|Any CPU
	EndGlobalSection
	GlobalSection(SolutionProperties) = preSolution
		HideSolutionNode = FALSE
	EndGlobalSection
	GlobalSection(ExtensibilityGlobals) = postSolution
		SolutionGuid = {646734F0-F744-4725-8F23-162EF8FA49F1}
	EndGlobalSection
EndGlobal
